// !$*UTF8*$!
{
	archiveVersion = 1;
	classes = {
	};
	objectVersion = 56;
	objects = {

/* Begin PBXBuildFile section */
		400B66FD2A561241008D883B /* AppDelegate.swift in Sources */ = {isa = PBXBuildFile; fileRef = 400B66FC2A561241008D883B /* AppDelegate.swift */; };
		400B66FF2A561241008D883B /* SceneDelegate.swift in Sources */ = {isa = PBXBuildFile; fileRef = 400B66FE2A561241008D883B /* SceneDelegate.swift */; };
		400B67012A561241008D883B /* HomeViewController.swift in Sources */ = {isa = PBXBuildFile; fileRef = 400B67002A561241008D883B /* HomeViewController.swift */; };
		400B67062A561243008D883B /* Assets.xcassets in Resources */ = {isa = PBXBuildFile; fileRef = 400B67052A561243008D883B /* Assets.xcassets */; };
		400B67112A56153A008D883B /* TabBarController.swift in Sources */ = {isa = PBXBuildFile; fileRef = 400B67102A56153A008D883B /* TabBarController.swift */; };
		400B67132A561A38008D883B /* SearchViewController.swift in Sources */ = {isa = PBXBuildFile; fileRef = 400B67122A561A38008D883B /* SearchViewController.swift */; };
		400B67152A561A54008D883B /* BagViewController.swift in Sources */ = {isa = PBXBuildFile; fileRef = 400B67142A561A54008D883B /* BagViewController.swift */; };
		400B67172A561A65008D883B /* ProfileViewController.swift in Sources */ = {isa = PBXBuildFile; fileRef = 400B67162A561A65008D883B /* ProfileViewController.swift */; };
		400B67192A561DDE008D883B /* NetworkManager.swift in Sources */ = {isa = PBXBuildFile; fileRef = 400B67182A561DDE008D883B /* NetworkManager.swift */; };
		400B671B2A561E21008D883B /* Model.swift in Sources */ = {isa = PBXBuildFile; fileRef = 400B671A2A561E21008D883B /* Model.swift */; };
		400B671D2A6024F6008D883B /* HomeCollectionViewCell.swift in Sources */ = {isa = PBXBuildFile; fileRef = 400B671C2A6024F6008D883B /* HomeCollectionViewCell.swift */; };
		400B67202A602FAC008D883B /* Nuke in Frameworks */ = {isa = PBXBuildFile; productRef = 400B671F2A602FAC008D883B /* Nuke */; };
		400B67222A6054AE008D883B /* CustomNavigationBar.swift in Sources */ = {isa = PBXBuildFile; fileRef = 400B67212A6054AD008D883B /* CustomNavigationBar.swift */; };
		400B672C2A6179E2008D883B /* KitchenViewController.swift in Sources */ = {isa = PBXBuildFile; fileRef = 400B672B2A6179E2008D883B /* KitchenViewController.swift */; };
		400B672F2A62D059008D883B /* DishesCollectionViewCell.swift in Sources */ = {isa = PBXBuildFile; fileRef = 400B672E2A62D059008D883B /* DishesCollectionViewCell.swift */; };
/* End PBXBuildFile section */

/* Begin PBXFileReference section */
		400B66F92A561241008D883B /* Kitchen.app */ = {isa = PBXFileReference; explicitFileType = wrapper.application; includeInIndex = 0; path = Kitchen.app; sourceTree = BUILT_PRODUCTS_DIR; };
		400B66FC2A561241008D883B /* AppDelegate.swift */ = {isa = PBXFileReference; lastKnownFileType = sourcecode.swift; path = AppDelegate.swift; sourceTree = "<group>"; };
		400B66FE2A561241008D883B /* SceneDelegate.swift */ = {isa = PBXFileReference; lastKnownFileType = sourcecode.swift; path = SceneDelegate.swift; sourceTree = "<group>"; };
		400B67002A561241008D883B /* HomeViewController.swift */ = {isa = PBXFileReference; lastKnownFileType = sourcecode.swift; path = HomeViewController.swift; sourceTree = "<group>"; };
		400B67052A561243008D883B /* Assets.xcassets */ = {isa = PBXFileReference; lastKnownFileType = folder.assetcatalog; path = Assets.xcassets; sourceTree = "<group>"; };
		400B670A2A561243008D883B /* Info.plist */ = {isa = PBXFileReference; lastKnownFileType = text.plist.xml; path = Info.plist; sourceTree = "<group>"; };
		400B67102A56153A008D883B /* TabBarController.swift */ = {isa = PBXFileReference; lastKnownFileType = sourcecode.swift; path = TabBarController.swift; sourceTree = "<group>"; };
		400B67122A561A38008D883B /* SearchViewController.swift */ = {isa = PBXFileReference; lastKnownFileType = sourcecode.swift; path = SearchViewController.swift; sourceTree = "<group>"; };
		400B67142A561A54008D883B /* BagViewController.swift */ = {isa = PBXFileReference; lastKnownFileType = sourcecode.swift; path = BagViewController.swift; sourceTree = "<group>"; };
		400B67162A561A65008D883B /* ProfileViewController.swift */ = {isa = PBXFileReference; lastKnownFileType = sourcecode.swift; path = ProfileViewController.swift; sourceTree = "<group>"; };
		400B67182A561DDE008D883B /* NetworkManager.swift */ = {isa = PBXFileReference; lastKnownFileType = sourcecode.swift; path = NetworkManager.swift; sourceTree = "<group>"; };
		400B671A2A561E21008D883B /* Model.swift */ = {isa = PBXFileReference; lastKnownFileType = sourcecode.swift; path = Model.swift; sourceTree = "<group>"; };
		400B671C2A6024F6008D883B /* HomeCollectionViewCell.swift */ = {isa = PBXFileReference; lastKnownFileType = sourcecode.swift; path = HomeCollectionViewCell.swift; sourceTree = "<group>"; };
		400B67212A6054AD008D883B /* CustomNavigationBar.swift */ = {isa = PBXFileReference; lastKnownFileType = sourcecode.swift; path = CustomNavigationBar.swift; sourceTree = "<group>"; };
		400B672B2A6179E2008D883B /* KitchenViewController.swift */ = {isa = PBXFileReference; lastKnownFileType = sourcecode.swift; path = KitchenViewController.swift; sourceTree = "<group>"; };
		400B672E2A62D059008D883B /* DishesCollectionViewCell.swift */ = {isa = PBXFileReference; lastKnownFileType = sourcecode.swift; path = DishesCollectionViewCell.swift; sourceTree = "<group>"; };
/* End PBXFileReference section */

/* Begin PBXFrameworksBuildPhase section */
		400B66F62A561241008D883B /* Frameworks */ = {
			isa = PBXFrameworksBuildPhase;
			buildActionMask = 2147483647;
			files = (
				400B67202A602FAC008D883B /* Nuke in Frameworks */,
			);
			runOnlyForDeploymentPostprocessing = 0;
		};
/* End PBXFrameworksBuildPhase section */

/* Begin PBXGroup section */
		400B66F02A561241008D883B = {
			isa = PBXGroup;
			children = (
				400B66FB2A561241008D883B /* Kitchen */,
				400B66FA2A561241008D883B /* Products */,
			);
			sourceTree = "<group>";
		};
		400B66FA2A561241008D883B /* Products */ = {
			isa = PBXGroup;
			children = (
				400B66F92A561241008D883B /* Kitchen.app */,
			);
			name = Products;
			sourceTree = "<group>";
		};
		400B66FB2A561241008D883B /* Kitchen */ = {
			isa = PBXGroup;
			children = (
				400B66FC2A561241008D883B /* AppDelegate.swift */,
				400B66FE2A561241008D883B /* SceneDelegate.swift */,
				400B67242A617927008D883B /* NetworkSetvice */,
				400B67232A6178FF008D883B /* Model */,
				400B67252A617941008D883B /* View */,
				400B67052A561243008D883B /* Assets.xcassets */,
				400B670A2A561243008D883B /* Info.plist */,
			);
			path = Kitchen;
			sourceTree = "<group>";
		};
		400B67232A6178FF008D883B /* Model */ = {
			isa = PBXGroup;
			children = (
				400B671A2A561E21008D883B /* Model.swift */,
			);
			path = Model;
			sourceTree = "<group>";
		};
		400B67242A617927008D883B /* NetworkSetvice */ = {
			isa = PBXGroup;
			children = (
				400B67182A561DDE008D883B /* NetworkManager.swift */,
			);
			path = NetworkSetvice;
			sourceTree = "<group>";
		};
		400B67252A617941008D883B /* View */ = {
			isa = PBXGroup;
			children = (
				400B67262A617969008D883B /* Home */,
				400B67272A617972008D883B /* Search */,
				400B67282A617987008D883B /* Bag */,
				400B67292A61798D008D883B /* Profile */,
				400B67212A6054AD008D883B /* CustomNavigationBar.swift */,
				400B67102A56153A008D883B /* TabBarController.swift */,
			);
			path = View;
			sourceTree = "<group>";
		};
		400B67262A617969008D883B /* Home */ = {
			isa = PBXGroup;
			children = (
				400B672D2A62D033008D883B /* Kitchen */,
				400B671C2A6024F6008D883B /* HomeCollectionViewCell.swift */,
				400B67002A561241008D883B /* HomeViewController.swift */,
			);
			path = Home;
			sourceTree = "<group>";
		};
		400B67272A617972008D883B /* Search */ = {
			isa = PBXGroup;
			children = (
				400B67122A561A38008D883B /* SearchViewController.swift */,
			);
			path = Search;
			sourceTree = "<group>";
		};
		400B67282A617987008D883B /* Bag */ = {
			isa = PBXGroup;
			children = (
				400B67142A561A54008D883B /* BagViewController.swift */,
			);
			path = Bag;
			sourceTree = "<group>";
		};
		400B67292A61798D008D883B /* Profile */ = {
			isa = PBXGroup;
			children = (
				400B67162A561A65008D883B /* ProfileViewController.swift */,
			);
			path = Profile;
			sourceTree = "<group>";
		};
		400B672D2A62D033008D883B /* Kitchen */ = {
			isa = PBXGroup;
			children = (
				400B672B2A6179E2008D883B /* KitchenViewController.swift */,
				400B672E2A62D059008D883B /* DishesCollectionViewCell.swift */,
			);
			path = Kitchen;
			sourceTree = "<group>";
		};
/* End PBXGroup section */

/* Begin PBXNativeTarget section */
		400B66F82A561241008D883B /* Kitchen */ = {
			isa = PBXNativeTarget;
			buildConfigurationList = 400B670D2A561243008D883B /* Build configuration list for PBXNativeTarget "Kitchen" */;
			buildPhases = (
				400B66F52A561241008D883B /* Sources */,
				400B66F62A561241008D883B /* Frameworks */,
				400B66F72A561241008D883B /* Resources */,
			);
			buildRules = (
			);
			dependencies = (
			);
			name = Kitchen;
			packageProductDependencies = (
				400B671F2A602FAC008D883B /* Nuke */,
			);
			productName = Kitchen;
			productReference = 400B66F92A561241008D883B /* Kitchen.app */;
			productType = "com.apple.product-type.application";
		};
/* End PBXNativeTarget section */

/* Begin PBXProject section */
		400B66F12A561241008D883B /* Project object */ = {
			isa = PBXProject;
			attributes = {
				BuildIndependentTargetsInParallel = 1;
				LastSwiftUpdateCheck = 1430;
				LastUpgradeCheck = 1430;
				TargetAttributes = {
					400B66F82A561241008D883B = {
						CreatedOnToolsVersion = 14.3;
					};
				};
			};
			buildConfigurationList = 400B66F42A561241008D883B /* Build configuration list for PBXProject "Kitchen" */;
			compatibilityVersion = "Xcode 14.0";
			developmentRegion = en;
			hasScannedForEncodings = 0;
			knownRegions = (
				en,
				Base,
			);
			mainGroup = 400B66F02A561241008D883B;
			packageReferences = (
				400B671E2A602FAC008D883B /* XCRemoteSwiftPackageReference "Nuke" */,
			);
			productRefGroup = 400B66FA2A561241008D883B /* Products */;
			projectDirPath = "";
			projectRoot = "";
			targets = (
				400B66F82A561241008D883B /* Kitchen */,
			);
		};
/* End PBXProject section */

/* Begin PBXResourcesBuildPhase section */
		400B66F72A561241008D883B /* Resources */ = {
			isa = PBXResourcesBuildPhase;
			buildActionMask = 2147483647;
			files = (
				400B67062A561243008D883B /* Assets.xcassets in Resources */,
			);
			runOnlyForDeploymentPostprocessing = 0;
		};
/* End PBXResourcesBuildPhase section */

/* Begin PBXSourcesBuildPhase section */
		400B66F52A561241008D883B /* Sources */ = {
			isa = PBXSourcesBuildPhase;
			buildActionMask = 2147483647;
			files = (
				400B67222A6054AE008D883B /* CustomNavigationBar.swift in Sources */,
				400B671B2A561E21008D883B /* Model.swift in Sources */,
				400B672F2A62D059008D883B /* DishesCollectionViewCell.swift in Sources */,
				400B67132A561A38008D883B /* SearchViewController.swift in Sources */,
				400B672C2A6179E2008D883B /* KitchenViewController.swift in Sources */,
				400B67152A561A54008D883B /* BagViewController.swift in Sources */,
				400B67012A561241008D883B /* HomeViewController.swift in Sources */,
				400B67112A56153A008D883B /* TabBarController.swift in Sources */,
				400B671D2A6024F6008D883B /* HomeCollectionViewCell.swift in Sources */,
				400B67192A561DDE008D883B /* NetworkManager.swift in Sources */,
				400B67172A561A65008D883B /* ProfileViewController.swift in Sources */,
				400B66FD2A561241008D883B /* AppDelegate.swift in Sources */,
				400B66FF2A561241008D883B /* SceneDelegate.swift in Sources */,
			);
			runOnlyForDeploymentPostprocessing = 0;
		};
/* End PBXSourcesBuildPhase section */

/* Begin XCBuildConfiguration section */
		400B670B2A561243008D883B /* Debug */ = {
			isa = XCBuildConfiguration;
			buildSettings = {
				ALWAYS_SEARCH_USER_PATHS = NO;
				CLANG_ANALYZER_NONNULL = YES;
				CLANG_ANALYZER_NUMBER_OBJECT_CONVERSION = YES_AGGRESSIVE;
				CLANG_CXX_LANGUAGE_STANDARD = "gnu++20";
				CLANG_ENABLE_MODULES = YES;
				CLANG_ENABLE_OBJC_ARC = YES;
				CLANG_ENABLE_OBJC_WEAK = YES;
				CLANG_WARN_BLOCK_CAPTURE_AUTORELEASING = YES;
				CLANG_WARN_BOOL_CONVERSION = YES;
				CLANG_WARN_COMMA = YES;
				CLANG_WARN_CONSTANT_CONVERSION = YES;
				CLANG_WARN_DEPRECATED_OBJC_IMPLEMENTATIONS = YES;
				CLANG_WARN_DIRECT_OBJC_ISA_USAGE = YES_ERROR;
				CLANG_WARN_DOCUMENTATION_COMMENTS = YES;
				CLANG_WARN_EMPTY_BODY = YES;
				CLANG_WARN_ENUM_CONVERSION = YES;
				CLANG_WARN_INFINITE_RECURSION = YES;
				CLANG_WARN_INT_CONVERSION = YES;
				CLANG_WARN_NON_LITERAL_NULL_CONVERSION = YES;
				CLANG_WARN_OBJC_IMPLICIT_RETAIN_SELF = YES;
				CLANG_WARN_OBJC_LITERAL_CONVERSION = YES;
				CLANG_WARN_OBJC_ROOT_CLASS = YES_ERROR;
				CLANG_WARN_QUOTED_INCLUDE_IN_FRAMEWORK_HEADER = YES;
				CLANG_WARN_RANGE_LOOP_ANALYSIS = YES;
				CLANG_WARN_STRICT_PROTOTYPES = YES;
				CLANG_WARN_SUSPICIOUS_MOVE = YES;
				CLANG_WARN_UNGUARDED_AVAILABILITY = YES_AGGRESSIVE;
				CLANG_WARN_UNREACHABLE_CODE = YES;
				CLANG_WARN__DUPLICATE_METHOD_MATCH = YES;
				COPY_PHASE_STRIP = NO;
				DEBUG_INFORMATION_FORMAT = dwarf;
				ENABLE_STRICT_OBJC_MSGSEND = YES;
				ENABLE_TESTABILITY = YES;
				GCC_C_LANGUAGE_STANDARD = gnu11;
				GCC_DYNAMIC_NO_PIC = NO;
				GCC_NO_COMMON_BLOCKS = YES;
				GCC_OPTIMIZATION_LEVEL = 0;
				GCC_PREPROCESSOR_DEFINITIONS = (
					"DEBUG=1",
					"$(inherited)",
				);
				GCC_WARN_64_TO_32_BIT_CONVERSION = YES;
				GCC_WARN_ABOUT_RETURN_TYPE = YES_ERROR;
				GCC_WARN_UNDECLARED_SELECTOR = YES;
				GCC_WARN_UNINITIALIZED_AUTOS = YES_AGGRESSIVE;
				GCC_WARN_UNUSED_FUNCTION = YES;
				GCC_WARN_UNUSED_VARIABLE = YES;
				IPHONEOS_DEPLOYMENT_TARGET = 16.4;
				MTL_ENABLE_DEBUG_INFO = INCLUDE_SOURCE;
				MTL_FAST_MATH = YES;
				ONLY_ACTIVE_ARCH = YES;
				SDKROOT = iphoneos;
				SWIFT_ACTIVE_COMPILATION_CONDITIONS = DEBUG;
				SWIFT_OPTIMIZATION_LEVEL = "-Onone";
			};
			name = Debug;
		};
		400B670C2A561243008D883B /* Release */ = {
			isa = XCBuildConfiguration;
			buildSettings = {
				ALWAYS_SEARCH_USER_PATHS = NO;
				CLANG_ANALYZER_NONNULL = YES;
				CLANG_ANALYZER_NUMBER_OBJECT_CONVERSION = YES_AGGRESSIVE;
				CLANG_CXX_LANGUAGE_STANDARD = "gnu++20";
				CLANG_ENABLE_MODULES = YES;
				CLANG_ENABLE_OBJC_ARC = YES;
				CLANG_ENABLE_OBJC_WEAK = YES;
				CLANG_WARN_BLOCK_CAPTURE_AUTORELEASING = YES;
				CLANG_WARN_BOOL_CONVERSION = YES;
				CLANG_WARN_COMMA = YES;
				CLANG_WARN_CONSTANT_CONVERSION = YES;
				CLANG_WARN_DEPRECATED_OBJC_IMPLEMENTATIONS = YES;
				CLANG_WARN_DIRECT_OBJC_ISA_USAGE = YES_ERROR;
				CLANG_WARN_DOCUMENTATION_COMMENTS = YES;
				CLANG_WARN_EMPTY_BODY = YES;
				CLANG_WARN_ENUM_CONVERSION = YES;
				CLANG_WARN_INFINITE_RECURSION = YES;
				CLANG_WARN_INT_CONVERSION = YES;
				CLANG_WARN_NON_LITERAL_NULL_CONVERSION = YES;
				CLANG_WARN_OBJC_IMPLICIT_RETAIN_SELF = YES;
				CLANG_WARN_OBJC_LITERAL_CONVERSION = YES;
				CLANG_WARN_OBJC_ROOT_CLASS = YES_ERROR;
				CLANG_WARN_QUOTED_INCLUDE_IN_FRAMEWORK_HEADER = YES;
				CLANG_WARN_RANGE_LOOP_ANALYSIS = YES;
				CLANG_WARN_STRICT_PROTOTYPES = YES;
				CLANG_WARN_SUSPICIOUS_MOVE = YES;
				CLANG_WARN_UNGUARDED_AVAILABILITY = YES_AGGRESSIVE;
				CLANG_WARN_UNREACHABLE_CODE = YES;
				CLANG_WARN__DUPLICATE_METHOD_MATCH = YES;
				COPY_PHASE_STRIP = NO;
				DEBUG_INFORMATION_FORMAT = "dwarf-with-dsym";
				ENABLE_NS_ASSERTIONS = NO;
				ENABLE_STRICT_OBJC_MSGSEND = YES;
				GCC_C_LANGUAGE_STANDARD = gnu11;
				GCC_NO_COMMON_BLOCKS = YES;
				GCC_WARN_64_TO_32_BIT_CONVERSION = YES;
				GCC_WARN_ABOUT_RETURN_TYPE = YES_ERROR;
				GCC_WARN_UNDECLARED_SELECTOR = YES;
				GCC_WARN_UNINITIALIZED_AUTOS = YES_AGGRESSIVE;
				GCC_WARN_UNUSED_FUNCTION = YES;
				GCC_WARN_UNUSED_VARIABLE = YES;
				IPHONEOS_DEPLOYMENT_TARGET = 16.4;
				MTL_ENABLE_DEBUG_INFO = NO;
				MTL_FAST_MATH = YES;
				SDKROOT = iphoneos;
				SWIFT_COMPILATION_MODE = wholemodule;
				SWIFT_OPTIMIZATION_LEVEL = "-O";
				VALIDATE_PRODUCT = YES;
			};
			name = Release;
		};
		400B670E2A561243008D883B /* Debug */ = {
			isa = XCBuildConfiguration;
			buildSettings = {
				ASSETCATALOG_COMPILER_APPICON_NAME = AppIcon;
				ASSETCATALOG_COMPILER_GLOBAL_ACCENT_COLOR_NAME = AccentColor;
				CODE_SIGN_STYLE = Automatic;
				CURRENT_PROJECT_VERSION = 1;
				DEVELOPMENT_TEAM = 86GJ67H28Q;
				GENERATE_INFOPLIST_FILE = YES;
				INFOPLIST_FILE = Kitchen/Info.plist;
				INFOPLIST_KEY_NSFileProviderDomainUsageDescription = "We want to help you find your nearest store";
				INFOPLIST_KEY_NSLocationAlwaysAndWhenInUseUsageDescription = "";
				INFOPLIST_KEY_NSLocationAlwaysUsageDescription = "";
				INFOPLIST_KEY_NSLocationUsageDescription = "";
				INFOPLIST_KEY_NSLocationWhenInUseUsageDescription = "";
				INFOPLIST_KEY_UIApplicationSupportsIndirectInputEvents = YES;
				INFOPLIST_KEY_UILaunchStoryboardName = LaunchScreen;
				INFOPLIST_KEY_UISupportedInterfaceOrientations = UIInterfaceOrientationPortrait;
				INFOPLIST_KEY_UISupportedInterfaceOrientations_iPad = "UIInterfaceOrientationLandscapeLeft UIInterfaceOrientationLandscapeRight UIInterfaceOrientationPortrait UIInterfaceOrientationPortraitUpsideDown";
				IPHONEOS_DEPLOYMENT_TARGET = 16.4;
				LD_RUNPATH_SEARCH_PATHS = (
					"$(inherited)",
					"@executable_path/Frameworks",
				);
				MARKETING_VERSION = 1.0;
				PRODUCT_BUNDLE_IDENTIFIER = xanew.Kitchen;
				PRODUCT_NAME = "$(TARGET_NAME)";
				SUPPORTED_PLATFORMS = "iphoneos iphonesimulator";
				SUPPORTS_MACCATALYST = NO;
				SUPPORTS_MAC_DESIGNED_FOR_IPHONE_IPAD = NO;
				SWIFT_EMIT_LOC_STRINGS = YES;
				SWIFT_VERSION = 5.0;
				TARGETED_DEVICE_FAMILY = 1;
			};
			name = Debug;
		};
		400B670F2A561243008D883B /* Release */ = {
			isa = XCBuildConfiguration;
			buildSettings = {
				ASSETCATALOG_COMPILER_APPICON_NAME = AppIcon;
				ASSETCATALOG_COMPILER_GLOBAL_ACCENT_COLOR_NAME = AccentColor;
				CODE_SIGN_STYLE = Automatic;
				CURRENT_PROJECT_VERSION = 1;
				DEVELOPMENT_TEAM = 86GJ67H28Q;
				GENERATE_INFOPLIST_FILE = YES;
				INFOPLIST_FILE = Kitchen/Info.plist;
				INFOPLIST_KEY_NSFileProviderDomainUsageDescription = "We want to help you find your nearest store";
				INFOPLIST_KEY_NSLocationAlwaysAndWhenInUseUsageDescription = "";
				INFOPLIST_KEY_NSLocationAlwaysUsageDescription = "";
				INFOPLIST_KEY_NSLocationUsageDescription = "";
				INFOPLIST_KEY_NSLocationWhenInUseUsageDescription = "";
				INFOPLIST_KEY_UIApplicationSupportsIndirectInputEvents = YES;
				INFOPLIST_KEY_UILaunchStoryboardName = LaunchScreen;
				INFOPLIST_KEY_UISupportedInterfaceOrientations = UIInterfaceOrientationPortrait;
				INFOPLIST_KEY_UISupportedInterfaceOrientations_iPad = "UIInterfaceOrientationLandscapeLeft UIInterfaceOrientationLandscapeRight UIInterfaceOrientationPortrait UIInterfaceOrientationPortraitUpsideDown";
				IPHONEOS_DEPLOYMENT_TARGET = 16.4;
				LD_RUNPATH_SEARCH_PATHS = (
					"$(inherited)",
					"@executable_path/Frameworks",
				);
				MARKETING_VERSION = 1.0;
				PRODUCT_BUNDLE_IDENTIFIER = xanew.Kitchen;
				PRODUCT_NAME = "$(TARGET_NAME)";
				SUPPORTED_PLATFORMS = "iphoneos iphonesimulator";
				SUPPORTS_MACCATALYST = NO;
				SUPPORTS_MAC_DESIGNED_FOR_IPHONE_IPAD = NO;
				SWIFT_EMIT_LOC_STRINGS = YES;
				SWIFT_VERSION = 5.0;
				TARGETED_DEVICE_FAMILY = 1;
			};
			name = Release;
		};
/* End XCBuildConfiguration section */

/* Begin XCConfigurationList section */
		400B66F42A561241008D883B /* Build configuration list for PBXProject "Kitchen" */ = {
			isa = XCConfigurationList;
			buildConfigurations = (
				400B670B2A561243008D883B /* Debug */,
				400B670C2A561243008D883B /* Release */,
			);
			defaultConfigurationIsVisible = 0;
			defaultConfigurationName = Release;
		};
		400B670D2A561243008D883B /* Build configuration list for PBXNativeTarget "Kitchen" */ = {
			isa = XCConfigurationList;
			buildConfigurations = (
				400B670E2A561243008D883B /* Debug */,
				400B670F2A561243008D883B /* Release */,
			);
			defaultConfigurationIsVisible = 0;
			defaultConfigurationName = Release;
		};
/* End XCConfigurationList section */

/* Begin XCRemoteSwiftPackageReference section */
		400B671E2A602FAC008D883B /* XCRemoteSwiftPackageReference "Nuke" */ = {
			isa = XCRemoteSwiftPackageReference;
			repositoryURL = "https://github.com/kean/Nuke.git";
			requirement = {
				kind = upToNextMajorVersion;
				minimumVersion = 12.0.0;
			};
		};
/* End XCRemoteSwiftPackageReference section */

/* Begin XCSwiftPackageProductDependency section */
		400B671F2A602FAC008D883B /* Nuke */ = {
			isa = XCSwiftPackageProductDependency;
			package = 400B671E2A602FAC008D883B /* XCRemoteSwiftPackageReference "Nuke" */;
			productName = Nuke;
		};
/* End XCSwiftPackageProductDependency section */
	};
	rootObject = 400B66F12A561241008D883B /* Project object */;
}
